{
  "name": "12.5",
  "lockfileVersion": 3,
  "requires": true,
  "packages": {
    "": {
      "dependencies": {
        "@prisma/client": "^5.12.0"
      },
      "devDependencies": {
        "prisma": "^5.12.0"
      }
    },
    "node_modules/@prisma/client": {
      "version": "5.12.0",
      "resolved": "https://registry.npmjs.org/@prisma/client/-/client-5.12.0.tgz",
      "integrity": "sha512-bk/+KPpRm0+IzqFCtAxrj+/TNiHzulspnO+OkysaYY/atc/eX0Gx8V3tTLxbHKVX0LKD4Hi8KKCcSbU1U72n7Q==",
      "hasInstallScript": true,
      "engines": {
        "node": ">=16.13"
      },
      "peerDependencies": {
        "prisma": "*"
      },
      "peerDependenciesMeta": {
        "prisma": {
          "optional": true
        }
      }
    },
    "node_modules/@prisma/debug": {
      "version": "5.12.0",
      "resolved": "https://registry.npmjs.org/@prisma/debug/-/debug-5.12.0.tgz",
      "integrity": "sha512-wK3fQLxPLMqf5riT5ZIhl8NffPSzFUwtzFX5CH7z/oI9Swmo9UhQlUgZABIVgdXSJ5OAlmRcDZtDKaMApIl8sg==",
      "devOptional": true
    },
    "node_modules/@prisma/engines": {
      "version": "5.12.0",
      "resolved": "https://registry.npmjs.org/@prisma/engines/-/engines-5.12.0.tgz",
      "integrity": "sha512-rFNRul9JGu0d3tf8etBgmDQ4NVoDwgGrRguvQOc8i+c6g7xPjRuu4aKzMMvHWUuccvRx5+fs1KMBxQ0x2THt+Q==",
      "devOptional": true,
      "hasInstallScript": true,
      "dependencies": {
        "@prisma/debug": "5.12.0",
        "@prisma/engines-version": "5.12.0-21.473ed3124229e22d881cb7addf559799debae1ab",
        "@prisma/fetch-engine": "5.12.0",
        "@prisma/get-platform": "5.12.0"
      }
    },
    "node_modules/@prisma/engines-version": {
      "version": "5.12.0-21.473ed3124229e22d881cb7addf559799debae1ab",
      "resolved": "https://registry.npmjs.org/@prisma/engines-version/-/engines-version-5.12.0-21.473ed3124229e22d881cb7addf559799debae1ab.tgz",
      "integrity": "sha512-6yvO8s80Tym61aB4QNtYZfWVmE3pwqe807jEtzm8C5VDe7nw8O1FGX3TXUaXmWV0fQTIAfRbeL2Gwrndabp/0g==",
      "devOptional": true
    },
    "node_modules/@prisma/fetch-engine": {
      "version": "5.12.0",
      "resolved": "https://registry.npmjs.org/@prisma/fetch-engine/-/fetch-engine-5.12.0.tgz",
      "integrity": "sha512-qkHQbZ1hspvOwcImvqY4yj7+FUlw0+uP+6tu3g24V4ULHOXLLkvr5ZZc6vy26OF0hkbD3kcDJCeutFis3poKgg==",
      "devOptional": true,
      "dependencies": {
        "@prisma/debug": "5.12.0",
        "@prisma/engines-version": "5.12.0-21.473ed3124229e22d881cb7addf559799debae1ab",
        "@prisma/get-platform": "5.12.0"
      }
    },
    "node_modules/@prisma/get-platform": {
      "version": "5.12.0",
      "resolved": "https://registry.npmjs.org/@prisma/get-platform/-/get-platform-5.12.0.tgz",
      "integrity": "sha512-81Ptv9YJnwTArEBPQ2Lvu58sZPxy4OixKxVVgysFan6A3bFP7q8gIg15WTjsRuH4WXh6B667EM9sqoMTNu0fLQ==",
      "devOptional": true,
      "dependencies": {
        "@prisma/debug": "5.12.0"
      }
    },
    "node_modules/prisma": {
      "version": "5.12.0",
      "resolved": "https://registry.npmjs.org/prisma/-/prisma-5.12.0.tgz",
      "integrity": "sha512-zxw4WSIvpsyNbpv8r7Fxgm7nwTFVmD6wbN6VuH13lClOceSANDOMl4jO3oxE6VzhjxmnEJqOGZjON2T2UpmLag==",
      "devOptional": true,
      "hasInstallScript": true,
      "dependencies": {
        "@prisma/engines": "5.12.0"
      },
      "bin": {
        "prisma": "build/index.js"
      },
      "engines": {
        "node": ">=16.13"
      }
    }
  }
}
